
Microsoft Visual Studio Solution File, Format Version 12.00
# Visual Studio Version 17
VisualStudioVersion = 17.5.002.0
MinimumVisualStudioVersion = 10.0.40219.1
Project("{2150E333-8FDC-42A3-9474-1A3956D46DE8}") = "csharp", "csharp", "{7E529111-8595-4A33-8DFF-699A43C924A4}"
EndProject
Project("{9A19103F-16F7-4668-BE54-9A1E7A4F7556}") = "HelloWorld", "csharp\hello-world\HelloWorld.csproj", "{99515BB7-EB70-4112-A939-3A75E1F9C027}"
EndProject
Project("{9A19103F-16F7-4668-BE54-9A1E7A4F7556}") = "Matrix", "csharp\matrix\Matrix.csproj", "{629320D7-28D7-4E6A-B10E-CA490418DF53}"
EndProject
Global
	GlobalSection(SolutionConfigurationPlatforms) = preSolution
		Debug|Any CPU = Debug|Any CPU
		Release|Any CPU = Release|Any CPU
	EndGlobalSection
	GlobalSection(ProjectConfigurationPlatforms) = postSolution
		{99515BB7-EB70-4112-A939-3A75E1F9C027}.Debug|Any CPU.ActiveCfg = Debug|Any CPU
		{99515BB7-EB70-4112-A939-3A75E1F9C027}.Debug|Any CPU.Build.0 = Debug|Any CPU
		{99515BB7-EB70-4112-A939-3A75E1F9C027}.Release|Any CPU.ActiveCfg = Release|Any CPU
		{99515BB7-EB70-4112-A939-3A75E1F9C027}.Release|Any CPU.Build.0 = Release|Any CPU
		{629320D7-28D7-4E6A-B10E-CA490418DF53}.Debug|Any CPU.ActiveCfg = Debug|Any CPU
		{629320D7-28D7-4E6A-B10E-CA490418DF53}.Debug|Any CPU.Build.0 = Debug|Any CPU
		{629320D7-28D7-4E6A-B10E-CA490418DF53}.Release|Any CPU.ActiveCfg = Release|Any CPU
		{629320D7-28D7-4E6A-B10E-CA490418DF53}.Release|Any CPU.Build.0 = Release|Any CPU
	EndGlobalSection
	GlobalSection(SolutionProperties) = preSolution
		HideSolutionNode = FALSE
	EndGlobalSection
	GlobalSection(NestedProjects) = preSolution
		{99515BB7-EB70-4112-A939-3A75E1F9C027} = {7E529111-8595-4A33-8DFF-699A43C924A4}
		{629320D7-28D7-4E6A-B10E-CA490418DF53} = {7E529111-8595-4A33-8DFF-699A43C924A4}
	EndGlobalSection
	GlobalSection(ExtensibilityGlobals) = postSolution
		SolutionGuid = {ED67A09D-61A6-40EF-8361-F0858AD27040}
	EndGlobalSection
EndGlobal
